
Microsoft Visual Studio Solution File, Format Version 12.00
# Visual Studio Version 16
VisualStudioVersion = 16.0.32002.261
MinimumVisualStudioVersion = 10.0.40219.1
Project("{9A19103F-16F7-4668-BE54-9A1E7A4F7556}") = "Blazor-GoogleMaps", "Blazor-GoogleMaps\Blazor-GoogleMaps.csproj", "{F001482D-9641-4308-B68E-3879B051F1C1}"
EndProject
Global
	GlobalSection(SolutionConfigurationPlatforms) = preSolution
		Debug|Any CPU = Debug|Any CPU
		Release|Any CPU = Release|Any CPU
	EndGlobalSection
	GlobalSection(ProjectConfigurationPlatforms) = postSolution
		{F001482D-9641-4308-B68E-3879B051F1C1}.Debug|Any CPU.ActiveCfg = Debug|Any CPU
		{F001482D-9641-4308-B68E-3879B051F1C1}.Debug|Any CPU.Build.0 = Debug|Any CPU
		{F001482D-9641-4308-B68E-3879B051F1C1}.Release|Any CPU.ActiveCfg = Release|Any CPU
		{F001482D-9641-4308-B68E-3879B051F1C1}.Release|Any CPU.Build.0 = Release|Any CPU
	EndGlobalSection
	GlobalSection(SolutionProperties) = preSolution
		HideSolutionNode = FALSE
	EndGlobalSection
	GlobalSection(ExtensibilityGlobals) = postSolution
		SolutionGuid = {F335512A-CC04-4912-BD9D-835039F8FC97}
	EndGlobalSection
EndGlobal
